
Microsoft Visual Studio Solution File, Format Version 12.00
# Visual Studio Version 16
VisualStudioVersion = 16.0.32901.82
MinimumVisualStudioVersion = 10.0.40219.1
Project("{FAE04EC0-301F-11D3-BF4B-00C04F79EFBC}") = "MathQuiz", "MathQuiz\MathQuiz.csproj", "{2E8CC086-441A-452E-843C-C7E134D04B90}"
EndProject
Global
	GlobalSection(SolutionConfigurationPlatforms) = preSolution
		Debug|Any CPU = Debug|Any CPU
		Release|Any CPU = Release|Any CPU
	EndGlobalSection
	GlobalSection(ProjectConfigurationPlatforms) = postSolution
		{2E8CC086-441A-452E-843C-C7E134D04B90}.Debug|Any CPU.ActiveCfg = Debug|Any CPU
		{2E8CC086-441A-452E-843C-C7E134D04B90}.Debug|Any CPU.Build.0 = Debug|Any CPU
		{2E8CC086-441A-452E-843C-C7E134D04B90}.Release|Any CPU.ActiveCfg = Release|Any CPU
		{2E8CC086-441A-452E-843C-C7E134D04B90}.Release|Any CPU.Build.0 = Release|Any CPU
	EndGlobalSection
	GlobalSection(SolutionProperties) = preSolution
		HideSolutionNode = FALSE
	EndGlobalSection
	GlobalSection(ExtensibilityGlobals) = postSolution
		SolutionGuid = {F541882B-FB44-4FD3-BE73-2C97CD56F73B}
	EndGlobalSection
EndGlobal
